
Microsoft Visual Studio Solution File, Format Version 12.00
# Visual Studio 14
VisualStudioVersion = 14.0.25420.1
MinimumVisualStudioVersion = 10.0.40219.1
Project("{FAE04EC0-301F-11D3-BF4B-00C04F79EFBC}") = "Example13", "WindowForms\Example13.csproj", "{36B8CE04-6EC5-413E-A3DA-6D852895CD58}"
EndProject
Project("{FAE04EC0-301F-11D3-BF4B-00C04F79EFBC}") = "Example14", "Example14\Example14.csproj", "{97EA5BD8-FEEB-4985-B87A-4EB96893F731}"
EndProject
Project("{FAE04EC0-301F-11D3-BF4B-00C04F79EFBC}") = "Example11", "Example11\Example11.csproj", "{1A611DDA-1F65-40A9-A011-792B4DC6F825}"
EndProject
Project("{FAE04EC0-301F-11D3-BF4B-00C04F79EFBC}") = "Example12", "Example12\Example12.csproj", "{CB39D4BB-286B-4C22-BA15-755CC944A7DB}"
EndProject
Project("{FAE04EC0-301F-11D3-BF4B-00C04F79EFBC}") = "AssignmentI", "Assignment\AssignmentI.csproj", "{40D8C3E7-385B-4341-A660-B8A8F47C73A1}"
EndProject
Project("{FAE04EC0-301F-11D3-BF4B-00C04F79EFBC}") = "Example16", "Example16\Example16.csproj", "{2D4774D4-C135-4BBB-A384-E639CBE79594}"
EndProject
Project("{FAE04EC0-301F-11D3-BF4B-00C04F79EFBC}") = "Example17", "Example17\Example17.csproj", "{9402880D-7115-4A0B-B42E-BB13FC3F280E}"
EndProject
Project("{FAE04EC0-301F-11D3-BF4B-00C04F79EFBC}") = "Example9", "Example9\Example9.csproj", "{D34F01B3-4A6E-48D7-BB7B-3F0B1A3FDF6B}"
EndProject
Project("{FAE04EC0-301F-11D3-BF4B-00C04F79EFBC}") = "Example1", "Example1\Example1.csproj", "{2868DCB2-49D2-49D1-BF86-2D9565A14B0A}"
EndProject
Project("{FAE04EC0-301F-11D3-BF4B-00C04F79EFBC}") = "Example6", "Example6\Example6.csproj", "{28A0CF94-1064-435E-8C2E-DA2EDF5E808C}"
EndProject
Project("{FAE04EC0-301F-11D3-BF4B-00C04F79EFBC}") = "Example8", "Example8\Example8.csproj", "{C049AFEE-336D-4FA3-91D5-438520BD48E8}"
EndProject
Project("{FAE04EC0-301F-11D3-BF4B-00C04F79EFBC}") = "AssignmentII", "AssignmentII\AssignmentII.csproj", "{F24BCC61-0086-4EB2-8A26-255642791A58}"
EndProject
Project("{FAE04EC0-301F-11D3-BF4B-00C04F79EFBC}") = "OQI", "OQI\OQI.csproj", "{1C1A5B94-1A74-4636-9355-8DC039A8B6C0}"
EndProject
Project("{FAE04EC0-301F-11D3-BF4B-00C04F79EFBC}") = "Example15", "Example15\Example15.csproj", "{079F879E-8CD1-4181-83E8-ADDC1DA53EF4}"
EndProject
Project("{FAE04EC0-301F-11D3-BF4B-00C04F79EFBC}") = "OQII", "OQII\OQII.csproj", "{C8DB5E70-E5D5-4D84-8BA6-664AEEED5EC2}"
EndProject
Project("{FAE04EC0-301F-11D3-BF4B-00C04F79EFBC}") = "OQIII", "OQIII\OQIII.csproj", "{D9BC431A-2328-4468-8C56-35E6E3C647B2}"
EndProject
Project("{FAE04EC0-301F-11D3-BF4B-00C04F79EFBC}") = "OQIV", "OQIV\OQIV.csproj", "{DAEA3A24-A26A-4D99-BDFB-982B226092AD}"
EndProject
Project("{FAE04EC0-301F-11D3-BF4B-00C04F79EFBC}") = "Example18", "Example18\Example18.csproj", "{9A7D9130-8564-4170-B159-4FB29818F40E}"
EndProject
Project("{FAE04EC0-301F-11D3-BF4B-00C04F79EFBC}") = "Example19", "Example19\Example19.csproj", "{8AE7F437-5C14-4F89-99FE-F1B79F02968D}"
EndProject
Project("{FAE04EC0-301F-11D3-BF4B-00C04F79EFBC}") = "Example20", "Example20\Example20.csproj", "{FD3C0A6A-B648-4F03-A27F-F2BBD4D32009}"
EndProject
Project("{FAE04EC0-301F-11D3-BF4B-00C04F79EFBC}") = "OQV", "OQV\OQV.csproj", "{9C23186D-1F53-461C-8DD1-37C05E1EC319}"
EndProject
Project("{FAE04EC0-301F-11D3-BF4B-00C04F79EFBC}") = "2016OQ", "2016OQ\2016OQ.csproj", "{E0BD1706-AE7C-4E11-B5D1-D0EF6B4BDF19}"
EndProject
Global
	GlobalSection(SolutionConfigurationPlatforms) = preSolution
		Debug|Any CPU = Debug|Any CPU
		Release|Any CPU = Release|Any CPU
	EndGlobalSection
	GlobalSection(ProjectConfigurationPlatforms) = postSolution
		{36B8CE04-6EC5-413E-A3DA-6D852895CD58}.Debug|Any CPU.ActiveCfg = Debug|Any CPU
		{36B8CE04-6EC5-413E-A3DA-6D852895CD58}.Debug|Any CPU.Build.0 = Debug|Any CPU
		{36B8CE04-6EC5-413E-A3DA-6D852895CD58}.Release|Any CPU.ActiveCfg = Release|Any CPU
		{36B8CE04-6EC5-413E-A3DA-6D852895CD58}.Release|Any CPU.Build.0 = Release|Any CPU
		{97EA5BD8-FEEB-4985-B87A-4EB96893F731}.Debug|Any CPU.ActiveCfg = Debug|Any CPU
		{97EA5BD8-FEEB-4985-B87A-4EB96893F731}.Debug|Any CPU.Build.0 = Debug|Any CPU
		{97EA5BD8-FEEB-4985-B87A-4EB96893F731}.Release|Any CPU.ActiveCfg = Release|Any CPU
		{97EA5BD8-FEEB-4985-B87A-4EB96893F731}.Release|Any CPU.Build.0 = Release|Any CPU
		{1A611DDA-1F65-40A9-A011-792B4DC6F825}.Debug|Any CPU.ActiveCfg = Debug|Any CPU
		{1A611DDA-1F65-40A9-A011-792B4DC6F825}.Debug|Any CPU.Build.0 = Debug|Any CPU
		{1A611DDA-1F65-40A9-A011-792B4DC6F825}.Release|Any CPU.ActiveCfg = Release|Any CPU
		{1A611DDA-1F65-40A9-A011-792B4DC6F825}.Release|Any CPU.Build.0 = Release|Any CPU
		{CB39D4BB-286B-4C22-BA15-755CC944A7DB}.Debug|Any CPU.ActiveCfg = Debug|Any CPU
		{CB39D4BB-286B-4C22-BA15-755CC944A7DB}.Debug|Any CPU.Build.0 = Debug|Any CPU
		{CB39D4BB-286B-4C22-BA15-755CC944A7DB}.Release|Any CPU.ActiveCfg = Release|Any CPU
		{CB39D4BB-286B-4C22-BA15-755CC944A7DB}.Release|Any CPU.Build.0 = Release|Any CPU
		{40D8C3E7-385B-4341-A660-B8A8F47C73A1}.Debug|Any CPU.ActiveCfg = Debug|Any CPU
		{40D8C3E7-385B-4341-A660-B8A8F47C73A1}.Debug|Any CPU.Build.0 = Debug|Any CPU
		{40D8C3E7-385B-4341-A660-B8A8F47C73A1}.Release|Any CPU.ActiveCfg = Release|Any CPU
		{40D8C3E7-385B-4341-A660-B8A8F47C73A1}.Release|Any CPU.Build.0 = Release|Any CPU
		{2D4774D4-C135-4BBB-A384-E639CBE79594}.Debug|Any CPU.ActiveCfg = Debug|Any CPU
		{2D4774D4-C135-4BBB-A384-E639CBE79594}.Debug|Any CPU.Build.0 = Debug|Any CPU
		{2D4774D4-C135-4BBB-A384-E639CBE79594}.Release|Any CPU.ActiveCfg = Release|Any CPU
		{2D4774D4-C135-4BBB-A384-E639CBE79594}.Release|Any CPU.Build.0 = Release|Any CPU
		{9402880D-7115-4A0B-B42E-BB13FC3F280E}.Debug|Any CPU.ActiveCfg = Debug|Any CPU
		{9402880D-7115-4A0B-B42E-BB13FC3F280E}.Debug|Any CPU.Build.0 = Debug|Any CPU
		{9402880D-7115-4A0B-B42E-BB13FC3F280E}.Release|Any CPU.ActiveCfg = Release|Any CPU
		{9402880D-7115-4A0B-B42E-BB13FC3F280E}.Release|Any CPU.Build.0 = Release|Any CPU
		{D34F01B3-4A6E-48D7-BB7B-3F0B1A3FDF6B}.Debug|Any CPU.ActiveCfg = Debug|Any CPU
		{D34F01B3-4A6E-48D7-BB7B-3F0B1A3FDF6B}.Debug|Any CPU.Build.0 = Debug|Any CPU
		{D34F01B3-4A6E-48D7-BB7B-3F0B1A3FDF6B}.Release|Any CPU.ActiveCfg = Release|Any CPU
		{D34F01B3-4A6E-48D7-BB7B-3F0B1A3FDF6B}.Release|Any CPU.Build.0 = Release|Any CPU
		{2868DCB2-49D2-49D1-BF86-2D9565A14B0A}.Debug|Any CPU.ActiveCfg = Debug|Any CPU
		{2868DCB2-49D2-49D1-BF86-2D9565A14B0A}.Debug|Any CPU.Build.0 = Debug|Any CPU
		{2868DCB2-49D2-49D1-BF86-2D9565A14B0A}.Release|Any CPU.ActiveCfg = Release|Any CPU
		{2868DCB2-49D2-49D1-BF86-2D9565A14B0A}.Release|Any CPU.Build.0 = Release|Any CPU
		{28A0CF94-1064-435E-8C2E-DA2EDF5E808C}.Debug|Any CPU.ActiveCfg = Debug|Any CPU
		{28A0CF94-1064-435E-8C2E-DA2EDF5E808C}.Debug|Any CPU.Build.0 = Debug|Any CPU
		{28A0CF94-1064-435E-8C2E-DA2EDF5E808C}.Release|Any CPU.ActiveCfg = Release|Any CPU
		{28A0CF94-1064-435E-8C2E-DA2EDF5E808C}.Release|Any CPU.Build.0 = Release|Any CPU
		{C049AFEE-336D-4FA3-91D5-438520BD48E8}.Debug|Any CPU.ActiveCfg = Debug|Any CPU
		{C049AFEE-336D-4FA3-91D5-438520BD48E8}.Debug|Any CPU.Build.0 = Debug|Any CPU
		{C049AFEE-336D-4FA3-91D5-438520BD48E8}.Release|Any CPU.ActiveCfg = Release|Any CPU
		{C049AFEE-336D-4FA3-91D5-438520BD48E8}.Release|Any CPU.Build.0 = Release|Any CPU
		{F24BCC61-0086-4EB2-8A26-255642791A58}.Debug|Any CPU.ActiveCfg = Debug|Any CPU
		{F24BCC61-0086-4EB2-8A26-255642791A58}.Debug|Any CPU.Build.0 = Debug|Any CPU
		{F24BCC61-0086-4EB2-8A26-255642791A58}.Release|Any CPU.ActiveCfg = Release|Any CPU
		{F24BCC61-0086-4EB2-8A26-255642791A58}.Release|Any CPU.Build.0 = Release|Any CPU
		{1C1A5B94-1A74-4636-9355-8DC039A8B6C0}.Debug|Any CPU.ActiveCfg = Debug|Any CPU
		{1C1A5B94-1A74-4636-9355-8DC039A8B6C0}.Debug|Any CPU.Build.0 = Debug|Any CPU
		{1C1A5B94-1A74-4636-9355-8DC039A8B6C0}.Release|Any CPU.ActiveCfg = Release|Any CPU
		{1C1A5B94-1A74-4636-9355-8DC039A8B6C0}.Release|Any CPU.Build.0 = Release|Any CPU
		{079F879E-8CD1-4181-83E8-ADDC1DA53EF4}.Debug|Any CPU.ActiveCfg = Debug|Any CPU
		{079F879E-8CD1-4181-83E8-ADDC1DA53EF4}.Debug|Any CPU.Build.0 = Debug|Any CPU
		{079F879E-8CD1-4181-83E8-ADDC1DA53EF4}.Release|Any CPU.ActiveCfg = Release|Any CPU
		{079F879E-8CD1-4181-83E8-ADDC1DA53EF4}.Release|Any CPU.Build.0 = Release|Any CPU
		{C8DB5E70-E5D5-4D84-8BA6-664AEEED5EC2}.Debug|Any CPU.ActiveCfg = Debug|Any CPU
		{C8DB5E70-E5D5-4D84-8BA6-664AEEED5EC2}.Debug|Any CPU.Build.0 = Debug|Any CPU
		{C8DB5E70-E5D5-4D84-8BA6-664AEEED5EC2}.Release|Any CPU.ActiveCfg = Release|Any CPU
		{C8DB5E70-E5D5-4D84-8BA6-664AEEED5EC2}.Release|Any CPU.Build.0 = Release|Any CPU
		{D9BC431A-2328-4468-8C56-35E6E3C647B2}.Debug|Any CPU.ActiveCfg = Debug|Any CPU
		{D9BC431A-2328-4468-8C56-35E6E3C647B2}.Debug|Any CPU.Build.0 = Debug|Any CPU
		{D9BC431A-2328-4468-8C56-35E6E3C647B2}.Release|Any CPU.ActiveCfg = Release|Any CPU
		{D9BC431A-2328-4468-8C56-35E6E3C647B2}.Release|Any CPU.Build.0 = Release|Any CPU
		{DAEA3A24-A26A-4D99-BDFB-982B226092AD}.Debug|Any CPU.ActiveCfg = Debug|Any CPU
		{DAEA3A24-A26A-4D99-BDFB-982B226092AD}.Debug|Any CPU.Build.0 = Debug|Any CPU
		{DAEA3A24-A26A-4D99-BDFB-982B226092AD}.Release|Any CPU.ActiveCfg = Release|Any CPU
		{DAEA3A24-A26A-4D99-BDFB-982B226092AD}.Release|Any CPU.Build.0 = Release|Any CPU
		{9A7D9130-8564-4170-B159-4FB29818F40E}.Debug|Any CPU.ActiveCfg = Debug|Any CPU
		{9A7D9130-8564-4170-B159-4FB29818F40E}.Debug|Any CPU.Build.0 = Debug|Any CPU
		{9A7D9130-8564-4170-B159-4FB29818F40E}.Release|Any CPU.ActiveCfg = Release|Any CPU
		{9A7D9130-8564-4170-B159-4FB29818F40E}.Release|Any CPU.Build.0 = Release|Any CPU
		{8AE7F437-5C14-4F89-99FE-F1B79F02968D}.Debug|Any CPU.ActiveCfg = Debug|Any CPU
		{8AE7F437-5C14-4F89-99FE-F1B79F02968D}.Debug|Any CPU.Build.0 = Debug|Any CPU
		{8AE7F437-5C14-4F89-99FE-F1B79F02968D}.Release|Any CPU.ActiveCfg = Release|Any CPU
		{8AE7F437-5C14-4F89-99FE-F1B79F02968D}.Release|Any CPU.Build.0 = Release|Any CPU
		{FD3C0A6A-B648-4F03-A27F-F2BBD4D32009}.Debug|Any CPU.ActiveCfg = Debug|Any CPU
		{FD3C0A6A-B648-4F03-A27F-F2BBD4D32009}.Debug|Any CPU.Build.0 = Debug|Any CPU
		{FD3C0A6A-B648-4F03-A27F-F2BBD4D32009}.Release|Any CPU.ActiveCfg = Release|Any CPU
		{FD3C0A6A-B648-4F03-A27F-F2BBD4D32009}.Release|Any CPU.Build.0 = Release|Any CPU
		{9C23186D-1F53-461C-8DD1-37C05E1EC319}.Debug|Any CPU.ActiveCfg = Debug|Any CPU
		{9C23186D-1F53-461C-8DD1-37C05E1EC319}.Debug|Any CPU.Build.0 = Debug|Any CPU
		{9C23186D-1F53-461C-8DD1-37C05E1EC319}.Release|Any CPU.ActiveCfg = Release|Any CPU
		{9C23186D-1F53-461C-8DD1-37C05E1EC319}.Release|Any CPU.Build.0 = Release|Any CPU
		{E0BD1706-AE7C-4E11-B5D1-D0EF6B4BDF19}.Debug|Any CPU.ActiveCfg = Debug|Any CPU
		{E0BD1706-AE7C-4E11-B5D1-D0EF6B4BDF19}.Debug|Any CPU.Build.0 = Debug|Any CPU
		{E0BD1706-AE7C-4E11-B5D1-D0EF6B4BDF19}.Release|Any CPU.ActiveCfg = Release|Any CPU
		{E0BD1706-AE7C-4E11-B5D1-D0EF6B4BDF19}.Release|Any CPU.Build.0 = Release|Any CPU
	EndGlobalSection
	GlobalSection(SolutionProperties) = preSolution
		HideSolutionNode = FALSE
	EndGlobalSection
EndGlobal
